lockfileVersion: 5.3

specifiers:
  '@quasar/extras': ^1.12.2
  '@quasar/vite-plugin': ^1.0.3
  '@types/node': ^16.11.12
  '@vitejs/plugin-vue': ^2.0.0
  axios: ^0.24.0
  pinia: ^2.0.6
  quasar: ^2.3.4
  sass: 1.32.0
  typescript: ^4.5.4
  unocss: ^0.16.3
  vite: ^2.7.2
  vite-plugin-pages: ^0.19.3
  vue: ^3.2.26
  vue-router: ^4.0.12

dependencies:
  '@quasar/extras': 1.12.2
  axios: 0.24.0
  pinia: 2.0.6_typescript@4.5.4+vue@3.2.26
  quasar: 2.3.4
  vue: 3.2.26
  vue-router: 4.0.12_vue@3.2.26

devDependencies:
  '@quasar/vite-plugin': 1.0.3_298dfa67edda2c243e8d5f272fd23981
  '@types/node': 16.11.12
  '@vitejs/plugin-vue': 2.0.0_vite@2.7.2+vue@3.2.26
  sass: 1.32.0
  typescript: 4.5.4
  unocss: 0.16.3
  vite: 2.7.2_sass@1.32.0
  vite-plugin-pages: 0.19.3_vite@2.7.2

packages:

  /@antfu/utils/0.3.0:
    resolution: {integrity: sha1-YwbEO1Kog72Olz4+2N1kJIQYvMQ=, tarball: '@antfu/utils/download/@antfu/utils-0.3.0.tgz'}
    dependencies:
      '@types/throttle-debounce': 2.1.0
    dev: true

  /@babel/parser/7.16.5:
    resolution: {integrity: sha512-+Ce7T5iPNWzfu9C1aB5tN3Lyafs5xb3Ic7vBWyZL2KXT3QSdD1dD3CvgOzPmQKoNNRt6uauc0XwNJTQtXC2/Mw==, tarball: '@babel/parser/download/@babel/parser-7.16.5.tgz'}
    engines: {node: '>=6.0.0'}
    hasBin: true
    dev: false

  /@iconify/types/1.0.12:
    resolution: {integrity: sha512-6er6wSGF3hgc1JEZqiGpg21CTCjHBYOUwqLmb2Idzkjiw6ogalGP0ZMLVutCzah+0WB4yP+Zd2oVPN8jvJ+Ftg==, tarball: '@iconify/types/download/@iconify/types-1.0.12.tgz'}
    dev: true

  /@iconify/utils/1.0.20:
    resolution: {integrity: sha512-J5IriR8KeANs8vIEFKWzOlOvNgZHkwqkmqaIwvqtuDbBeFHtXGfM/LYMDmjtRJ0AAa7f254qw6TK7gAibYfHUA==, tarball: '@iconify/utils/download/@iconify/utils-1.0.20.tgz'}
    dependencies:
      '@iconify/types': 1.0.12
    dev: true

  /@nodelib/fs.scandir/2.1.5:
    resolution: {integrity: sha1-dhnC6yGyVIP20WdUi0z9WnSIw9U=, tarball: '@nodelib/fs.scandir/download/@nodelib/fs.scandir-2.1.5.tgz'}
    engines: {node: '>= 8'}
    dependencies:
      '@nodelib/fs.stat': 2.0.5
      run-parallel: 1.2.0
    dev: true

  /@nodelib/fs.stat/2.0.5:
    resolution: {integrity: sha1-W9Jir5Tp0lvR5xsF3u1Eh2oiLos=, tarball: '@nodelib/fs.stat/download/@nodelib/fs.stat-2.0.5.tgz'}
    engines: {node: '>= 8'}
    dev: true

  /@nodelib/fs.walk/1.2.8:
    resolution: {integrity: sha1-6Vc36LtnRt3t9pxVaVNJTxlv5po=, tarball: '@nodelib/fs.walk/download/@nodelib/fs.walk-1.2.8.tgz'}
    engines: {node: '>= 8'}
    dependencies:
      '@nodelib/fs.scandir': 2.1.5
      fastq: 1.13.0
    dev: true

  /@polka/url/1.0.0-next.21:
    resolution: {integrity: sha1-XeWiOFo1MJQn9gEZkrVEUU1VmqE=, tarball: '@polka/url/download/@polka/url-1.0.0-next.21.tgz'}
    dev: true

  /@quasar/extras/1.12.2:
    resolution: {integrity: sha512-WDsmEdKJX5axXlkrVZUGAq++tsJ2jRwgSnZXt4TT6csyxM0rmDAoVbYNrc0KaQuEe9QXgHT2QDaaYzymfE616A==, tarball: '@quasar/extras/download/@quasar/extras-1.12.2.tgz'}
    dev: false

  /@quasar/vite-plugin/1.0.3_298dfa67edda2c243e8d5f272fd23981:
    resolution: {integrity: sha512-gpLdupSZ2e48P98P4h06QFh2qJjB1XPF6yxPvUZFZYR+28mhKRkzZKDG1A3fs2CK19ca1lJyZkASARtorIkfOw==, tarball: '@quasar/vite-plugin/download/@quasar/vite-plugin-1.0.3.tgz'}
    engines: {node: '>=12'}
    peerDependencies:
      quasar: ^2.0.0
      vite: ^2.0.0
      vue: ^3.0.0
    dependencies:
      quasar: 2.3.4
      vite: 2.7.2_sass@1.32.0
      vue: 3.2.26
    dev: true

  /@rollup/pluginutils/4.1.2:
    resolution: {integrity: sha512-ROn4qvkxP9SyPeHaf7uQC/GPFY6L/OWy9+bd9AwcjOAWQwxRscoEyAUD8qCY5o5iL4jqQwoLk2kaTKJPb/HwzQ==, tarball: '@rollup/pluginutils/download/@rollup/pluginutils-4.1.2.tgz'}
    engines: {node: '>= 8.0.0'}
    dependencies:
      estree-walker: 2.0.2
      picomatch: 2.3.0
    dev: true

  /@types/node/16.11.12:
    resolution: {integrity: sha512-+2Iggwg7PxoO5Kyhvsq9VarmPbIelXP070HMImEpbtGCoyWNINQj4wzjbQCXzdHTRXnqufutJb5KAURZANNBAw==, tarball: '@types/node/download/@types/node-16.11.12.tgz'}
    dev: true

  /@types/throttle-debounce/2.1.0:
    resolution: {integrity: sha1-HD32JL/Eti+ZLTASuExW1B6rN3Y=, tarball: '@types/throttle-debounce/download/@types/throttle-debounce-2.1.0.tgz'}
    dev: true

  /@unocss/cli/0.16.3:
    resolution: {integrity: sha512-vm/S+7JoyYz5KDnoJ//Eepg+gki6idlAF/d2OYxmHpSRkbRUcpT0PgtjyBXmrDfNjVx3uKahd1cDeWbKyW4lkA==, tarball: '@unocss/cli/download/@unocss/cli-0.16.3.tgz'}
    engines: {node: '>=14'}
    hasBin: true
    dependencies:
      '@unocss/config': 0.16.3
      '@unocss/core': 0.16.3
      '@unocss/preset-uno': 0.16.3
      cac: 6.7.12
      chokidar: 3.5.2
      colorette: 2.0.16
      consola: 2.15.3
      fast-glob: 3.2.7
      pathe: 0.2.0
    dev: true

  /@unocss/config/0.16.3:
    resolution: {integrity: sha512-yhVa+limAXNvC3zHBpqvXz9pI8PY8H/YH8SjN4Y6A6SwiMeTxLFcv+PdN+Kj/9RZFCfjiXT4j0nPnqO3bwHv0Q==, tarball: '@unocss/config/download/@unocss/config-0.16.3.tgz'}
    engines: {node: '>=14'}
    dependencies:
      '@unocss/core': 0.16.3
      unconfig: 0.2.2
    dev: true

  /@unocss/core/0.16.3:
    resolution: {integrity: sha512-vaztCDwclmTVkBHGCuAfFBWoSY1utJTuD3cTItcc3I2NSeIPXSm3tQaDQs0yVCtLEJtqLSmiiwxNvYC2qxg0LA==, tarball: '@unocss/core/download/@unocss/core-0.16.3.tgz'}
    dev: true

  /@unocss/inspector/0.16.3:
    resolution: {integrity: sha512-thYabvOdrH9hnWWWqtwl3ZNbH2ELed4bSbxCpAd6OzMNVflSmDQ3yDugH68srf0Dr14lAbzrq3j6gs1SWID2Dw==, tarball: '@unocss/inspector/download/@unocss/inspector-0.16.3.tgz'}
    dependencies:
      gzip-size: 6.0.0
      sirv: 1.0.19
    dev: true

  /@unocss/preset-attributify/0.16.3:
    resolution: {integrity: sha512-5hnzxzPUHVLXF+F0QIboKyfU0tOd7ZEhIffRzZtCWmmnhmXMWDdGhAkwnjDhwBetTNf/EzXclvG290SAFds0ZQ==, tarball: '@unocss/preset-attributify/download/@unocss/preset-attributify-0.16.3.tgz'}
    dependencies:
      '@unocss/core': 0.16.3
    dev: true

  /@unocss/preset-icons/0.16.3:
    resolution: {integrity: sha512-Ob5p9tXV4TNoLGnfwmPAjOWVkTHabFyohWja3ulE/5cakIcRBI5uLfFCT4LYAwdInVc8FHS7JFXBrzWeF1bXCw==, tarball: '@unocss/preset-icons/download/@unocss/preset-icons-0.16.3.tgz'}
    dependencies:
      '@iconify/utils': 1.0.20
      '@unocss/core': 0.16.3
      local-pkg: 0.4.0
    dev: true

  /@unocss/preset-mini/0.16.3:
    resolution: {integrity: sha512-SJyD4RhfeYQBUoOMp5IOiaY5zvLUfjwwlDAhA26EylIXpsjTwtoaJv7gcjvGtBQepylu0qyl4TwphpGEO38rrg==, tarball: '@unocss/preset-mini/download/@unocss/preset-mini-0.16.3.tgz'}
    dependencies:
      '@unocss/core': 0.16.3
    dev: true

  /@unocss/preset-uno/0.16.3:
    resolution: {integrity: sha512-p1VPTbJExOU8xlLeHCznJmEnuGsZjKvpsiEuKTTiYXlDciSdl0ehvx8ci1oE18cLsiwG40sJS6JkqJ/r4idkQg==, tarball: '@unocss/preset-uno/download/@unocss/preset-uno-0.16.3.tgz'}
    dependencies:
      '@unocss/core': 0.16.3
      '@unocss/preset-mini': 0.16.3
      '@unocss/preset-wind': 0.16.3
    dev: true

  /@unocss/preset-wind/0.16.3:
    resolution: {integrity: sha512-RRorwtL1WaUgOVotBFoCHBIYxnLzUFkhbrKXhJT2nUgyspUisHNtLy6EMR3qcMIK4i03YG/C55wbgNaMZUXhNQ==, tarball: '@unocss/preset-wind/download/@unocss/preset-wind-0.16.3.tgz'}
    dependencies:
      '@unocss/core': 0.16.3
      '@unocss/preset-mini': 0.16.3
    dev: true

  /@unocss/reset/0.16.3:
    resolution: {integrity: sha512-uqL174Kxo+OQ6P2lLTQr1sqkD/wjVhGoLnJ+DFCkdzoOiIpZrsN3bD38jpoQYr9Nl5nuqH+SJ1POMbt9nfrUCA==, tarball: '@unocss/reset/download/@unocss/reset-0.16.3.tgz'}
    dev: true

  /@unocss/scope/0.16.3:
    resolution: {integrity: sha512-xdbhtInQ1+XB8TSqtREdwLoEpC2jH5QXzCWhVLt48b/7QoGNdVBzKhrCo6PRcErsdK9QURt9/2j3mgovDkg47g==, tarball: '@unocss/scope/download/@unocss/scope-0.16.3.tgz'}
    dev: true

  /@unocss/vite/0.16.3:
    resolution: {integrity: sha512-Ap2cvDLEyYyjPlPqPQPhKStMZTUiJUkDV9tQAwqh5DduTAjAvBYhSuauzu9chAjCtMfbBT4G1rxzPM1Yh515mA==, tarball: '@unocss/vite/download/@unocss/vite-0.16.3.tgz'}
    dependencies:
      '@rollup/pluginutils': 4.1.2
      '@unocss/config': 0.16.3
      '@unocss/core': 0.16.3
      '@unocss/inspector': 0.16.3
      '@unocss/scope': 0.16.3
    dev: true

  /@vitejs/plugin-vue/2.0.0_vite@2.7.2+vue@3.2.26:
    resolution: {integrity: sha512-4Xn1h9OcaAf7KYrvz2oEi52fCCCLcCzyr3pDOrzYTWrs0DrzNOXt9fT5IiGb1f/uoNTdX3aAkXVGNXrGkzF/zw==, tarball: '@vitejs/plugin-vue/download/@vitejs/plugin-vue-2.0.0.tgz'}
    engines: {node: '>=12.0.0'}
    peerDependencies:
      vite: ^2.5.10
      vue: ^3.2.25
    dependencies:
      vite: 2.7.2_sass@1.32.0
      vue: 3.2.26
    dev: true

  /@vue/compiler-core/3.2.26:
    resolution: {integrity: sha512-N5XNBobZbaASdzY9Lga2D9Lul5vdCIOXvUMd6ThcN8zgqQhPKfCV+wfAJNNJKQkSHudnYRO2gEB+lp0iN3g2Tw==, tarball: '@vue/compiler-core/download/@vue/compiler-core-3.2.26.tgz'}
    dependencies:
      '@babel/parser': 7.16.5
      '@vue/shared': 3.2.26
      estree-walker: 2.0.2
      source-map: 0.6.1
    dev: false

  /@vue/compiler-dom/3.2.26:
    resolution: {integrity: sha512-smBfaOW6mQDxcT3p9TKT6mE22vjxjJL50GFVJiI0chXYGU/xzC05QRGrW3HHVuJrmLTLx5zBhsZ2dIATERbarg==, tarball: '@vue/compiler-dom/download/@vue/compiler-dom-3.2.26.tgz'}
    dependencies:
      '@vue/compiler-core': 3.2.26
      '@vue/shared': 3.2.26
    dev: false

  /@vue/compiler-sfc/3.2.26:
    resolution: {integrity: sha512-ePpnfktV90UcLdsDQUh2JdiTuhV0Skv2iYXxfNMOK/F3Q+2BO0AulcVcfoksOpTJGmhhfosWfMyEaEf0UaWpIw==, tarball: '@vue/compiler-sfc/download/@vue/compiler-sfc-3.2.26.tgz'}
    dependencies:
      '@babel/parser': 7.16.5
      '@vue/compiler-core': 3.2.26
      '@vue/compiler-dom': 3.2.26
      '@vue/compiler-ssr': 3.2.26
      '@vue/reactivity-transform': 3.2.26
      '@vue/shared': 3.2.26
      estree-walker: 2.0.2
      magic-string: 0.25.7
      postcss: 8.4.5
      source-map: 0.6.1
    dev: false

  /@vue/compiler-ssr/3.2.26:
    resolution: {integrity: sha512-2mywLX0ODc4Zn8qBoA2PDCsLEZfpUGZcyoFRLSOjyGGK6wDy2/5kyDOWtf0S0UvtoyVq95OTSGIALjZ4k2q/ag==, tarball: '@vue/compiler-ssr/download/@vue/compiler-ssr-3.2.26.tgz'}
    dependencies:
      '@vue/compiler-dom': 3.2.26
      '@vue/shared': 3.2.26
    dev: false

  /@vue/devtools-api/6.0.0-beta.20.1:
    resolution: {integrity: sha512-R2rfiRY+kZugzWh9ZyITaovx+jpU4vgivAEAiz80kvh3yviiTU3CBuGuyWpSwGz9/C7TkSWVM/FtQRGlZ16n8Q==, tarball: '@vue/devtools-api/download/@vue/devtools-api-6.0.0-beta.20.1.tgz'}
    dev: false

  /@vue/reactivity-transform/3.2.26:
    resolution: {integrity: sha512-XKMyuCmzNA7nvFlYhdKwD78rcnmPb7q46uoR00zkX6yZrUmcCQ5OikiwUEVbvNhL5hBJuvbSO95jB5zkUon+eQ==, tarball: '@vue/reactivity-transform/download/@vue/reactivity-transform-3.2.26.tgz'}
    dependencies:
      '@babel/parser': 7.16.5
      '@vue/compiler-core': 3.2.26
      '@vue/shared': 3.2.26
      estree-walker: 2.0.2
      magic-string: 0.25.7
    dev: false

  /@vue/reactivity/3.2.26:
    resolution: {integrity: sha512-h38bxCZLW6oFJVDlCcAiUKFnXI8xP8d+eO0pcDxx+7dQfSPje2AO6M9S9QO6MrxQB7fGP0DH0dYQ8ksf6hrXKQ==, tarball: '@vue/reactivity/download/@vue/reactivity-3.2.26.tgz'}
    dependencies:
      '@vue/shared': 3.2.26
    dev: false

  /@vue/runtime-core/3.2.26:
    resolution: {integrity: sha512-BcYi7qZ9Nn+CJDJrHQ6Zsmxei2hDW0L6AB4vPvUQGBm2fZyC0GXd/4nVbyA2ubmuhctD5RbYY8L+5GUJszv9mQ==, tarball: '@vue/runtime-core/download/@vue/runtime-core-3.2.26.tgz'}
    dependencies:
      '@vue/reactivity': 3.2.26
      '@vue/shared': 3.2.26
    dev: false

  /@vue/runtime-dom/3.2.26:
    resolution: {integrity: sha512-dY56UIiZI+gjc4e8JQBwAifljyexfVCkIAu/WX8snh8vSOt/gMSEGwPRcl2UpYpBYeyExV8WCbgvwWRNt9cHhQ==, tarball: '@vue/runtime-dom/download/@vue/runtime-dom-3.2.26.tgz'}
    dependencies:
      '@vue/runtime-core': 3.2.26
      '@vue/shared': 3.2.26
      csstype: 2.6.19
    dev: false

  /@vue/server-renderer/3.2.26_vue@3.2.26:
    resolution: {integrity: sha512-Jp5SggDUvvUYSBIvYEhy76t4nr1vapY/FIFloWmQzn7UxqaHrrBpbxrqPcTrSgGrcaglj0VBp22BKJNre4aA1w==, tarball: '@vue/server-renderer/download/@vue/server-renderer-3.2.26.tgz'}
    peerDependencies:
      vue: 3.2.26
    dependencies:
      '@vue/compiler-ssr': 3.2.26
      '@vue/shared': 3.2.26
      vue: 3.2.26
    dev: false

  /@vue/shared/3.2.26:
    resolution: {integrity: sha512-vPV6Cq+NIWbH5pZu+V+2QHE9y1qfuTq49uNWw4f7FDEeZaDU2H2cx5jcUZOAKW7qTrUS4k6qZPbMy1x4N96nbA==, tarball: '@vue/shared/download/@vue/shared-3.2.26.tgz'}
    dev: false

  /anymatch/3.1.2:
    resolution: {integrity: sha1-wFV8CWrzLxBhmPT04qODU343hxY=, tarball: anymatch/download/anymatch-3.1.2.tgz}
    engines: {node: '>= 8'}
    dependencies:
      normalize-path: 3.0.0
      picomatch: 2.3.0
    dev: true

  /available-typed-arrays/1.0.5:
    resolution: {integrity: sha1-kvlWFlAQadB9EO2y/DfT4cZRI7c=, tarball: available-typed-arrays/download/available-typed-arrays-1.0.5.tgz}
    engines: {node: '>= 0.4'}
    dev: true

  /axios/0.24.0:
    resolution: {integrity: sha1-gE5voeS5xSiFAd2d/1anoJQNINY=, tarball: axios/download/axios-0.24.0.tgz}
    dependencies:
      follow-redirects: 1.14.6
    transitivePeerDependencies:
      - debug
    dev: false

  /binary-extensions/2.2.0:
    resolution: {integrity: sha1-dfUC7q+f/eQvyYgpZFvk6na9ni0=, tarball: binary-extensions/download/binary-extensions-2.2.0.tgz}
    engines: {node: '>=8'}
    dev: true

  /braces/3.0.2:
    resolution: {integrity: sha1-NFThpGLujVmeI23zNs2epPiv4Qc=, tarball: braces/download/braces-3.0.2.tgz}
    engines: {node: '>=8'}
    dependencies:
      fill-range: 7.0.1
    dev: true

  /builtins/4.0.0:
    resolution: {integrity: sha1-qDRUIN6CBo/cTWVZ0EVkA6j7GQU=, tarball: builtins/download/builtins-4.0.0.tgz}
    dependencies:
      semver: 7.3.5
    dev: true

  /cac/6.7.12:
    resolution: {integrity: sha512-rM7E2ygtMkJqD9c7WnFU6fruFcN3xe4FM5yUmgxhZzIKJk4uHl9U/fhwdajGFQbQuv43FAUo1Fe8gX/oIKDeSA==, tarball: cac/download/cac-6.7.12.tgz}
    engines: {node: '>=8'}
    dev: true

  /call-bind/1.0.2:
    resolution: {integrity: sha1-sdTonmiBGcPJqQOtMKuy9qkZvjw=, tarball: call-bind/download/call-bind-1.0.2.tgz}
    dependencies:
      function-bind: 1.1.1
      get-intrinsic: 1.1.1
    dev: true

  /chokidar/3.5.2:
    resolution: {integrity: sha1-26OXb8rbAW9m/TZQIdkWANAcHnU=, tarball: chokidar/download/chokidar-3.5.2.tgz}
    engines: {node: '>= 8.10.0'}
    dependencies:
      anymatch: 3.1.2
      braces: 3.0.2
      glob-parent: 5.1.2
      is-binary-path: 2.1.0
      is-glob: 4.0.3
      normalize-path: 3.0.0
      readdirp: 3.6.0
    optionalDependencies:
      fsevents: 2.3.2
    dev: true

  /colorette/2.0.16:
    resolution: {integrity: sha1-cTua+E/bAAE58EVGvUqT9ipQhdo=, tarball: colorette/download/colorette-2.0.16.tgz}
    dev: true

  /consola/2.15.3:
    resolution: {integrity: sha1-LhH5jWpL5x/3LgvfB70j4Sy2FVA=, tarball: consola/download/consola-2.15.3.tgz}
    dev: true

  /csstype/2.6.19:
    resolution: {integrity: sha512-ZVxXaNy28/k3kJg0Fou5MiYpp88j7H9hLZp8PDC3jV0WFjfH5E9xHb56L0W59cPbKbcHXeP4qyT8PrHp8t6LcQ==, tarball: csstype/download/csstype-2.6.19.tgz?cache=0&sync_timestamp=1637224867418&other_urls=https%3A%2F%2Fregistry.npmmirror.com%2Fcsstype%2Fdownload%2Fcsstype-2.6.19.tgz}
    dev: false

  /debug/4.3.3:
    resolution: {integrity: sha512-/zxw5+vh1Tfv+4Qn7a5nsbcJKPaSvCDhojn6FEl9vupwK2VCSDtEiEtqr8DFtzYFOdz63LBkxec7DYuc2jon6Q==, tarball: debug/download/debug-4.3.3.tgz}
    engines: {node: '>=6.0'}
    peerDependencies:
      supports-color: '*'
    peerDependenciesMeta:
      supports-color:
        optional: true
    dependencies:
      ms: 2.1.2
    dev: true

  /deep-equal/2.0.5:
    resolution: {integrity: sha1-Vc0v4ybYP5y/cmHvDgYLP3JMXLk=, tarball: deep-equal/download/deep-equal-2.0.5.tgz}
    dependencies:
      call-bind: 1.0.2
      es-get-iterator: 1.1.2
      get-intrinsic: 1.1.1
      is-arguments: 1.1.1
      is-date-object: 1.0.5
      is-regex: 1.1.4
      isarray: 2.0.5
      object-is: 1.1.5
      object-keys: 1.1.1
      object.assign: 4.1.2
      regexp.prototype.flags: 1.3.1
      side-channel: 1.0.4
      which-boxed-primitive: 1.0.2
      which-collection: 1.0.1
      which-typed-array: 1.1.7
    dev: true

  /define-properties/1.1.3:
    resolution: {integrity: sha1-z4jabL7ib+bbcJT2HYcMvYTO6fE=, tarball: define-properties/download/define-properties-1.1.3.tgz}
    engines: {node: '>= 0.4'}
    dependencies:
      object-keys: 1.1.1
    dev: true

  /defu/5.0.0:
    resolution: {integrity: sha1-V2jw1AKlVb/EwmckayD4LOi1oQs=, tarball: defu/download/defu-5.0.0.tgz}
    dev: true

  /duplexer/0.1.2:
    resolution: {integrity: sha1-Or5DrvODX4rgd9E23c4PJ2sEAOY=, tarball: duplexer/download/duplexer-0.1.2.tgz}
    dev: true

  /es-abstract/1.19.1:
    resolution: {integrity: sha1-1IhXlodpFpWd547aoN9FZicRXsM=, tarball: es-abstract/download/es-abstract-1.19.1.tgz}
    engines: {node: '>= 0.4'}
    dependencies:
      call-bind: 1.0.2
      es-to-primitive: 1.2.1
      function-bind: 1.1.1
      get-intrinsic: 1.1.1
      get-symbol-description: 1.0.0
      has: 1.0.3
      has-symbols: 1.0.2
      internal-slot: 1.0.3
      is-callable: 1.2.4
      is-negative-zero: 2.0.2
      is-regex: 1.1.4
      is-shared-array-buffer: 1.0.1
      is-string: 1.0.7
      is-weakref: 1.0.2
      object-inspect: 1.11.1
      object-keys: 1.1.1
      object.assign: 4.1.2
      string.prototype.trimend: 1.0.4
      string.prototype.trimstart: 1.0.4
      unbox-primitive: 1.0.1
    dev: true

  /es-get-iterator/1.1.2:
    resolution: {integrity: sha1-kjTFSrpxNIbX694CIIZK9eKyg/c=, tarball: es-get-iterator/download/es-get-iterator-1.1.2.tgz}
    dependencies:
      call-bind: 1.0.2
      get-intrinsic: 1.1.1
      has-symbols: 1.0.2
      is-arguments: 1.1.1
      is-map: 2.0.2
      is-set: 2.0.2
      is-string: 1.0.7
      isarray: 2.0.5
    dev: true

  /es-to-primitive/1.2.1:
    resolution: {integrity: sha1-5VzUyc3BiLzvsDs2bHNjI/xciYo=, tarball: es-to-primitive/download/es-to-primitive-1.2.1.tgz}
    engines: {node: '>= 0.4'}
    dependencies:
      is-callable: 1.2.4
      is-date-object: 1.0.5
      is-symbol: 1.0.4
    dev: true

  /esbuild-android-arm64/0.13.15:
    resolution: {integrity: sha512-m602nft/XXeO8YQPUDVoHfjyRVPdPgjyyXOxZ44MK/agewFFkPa8tUo6lAzSWh5Ui5PB4KR9UIFTSBKh/RrCmg==, tarball: esbuild-android-arm64/download/esbuild-android-arm64-0.13.15.tgz}
    cpu: [arm64]
    os: [android]
    requiresBuild: true
    dev: true
    optional: true

  /esbuild-darwin-64/0.13.15:
    resolution: {integrity: sha512-ihOQRGs2yyp7t5bArCwnvn2Atr6X4axqPpEdCFPVp7iUj4cVSdisgvEKdNR7yH3JDjW6aQDw40iQFoTqejqxvQ==, tarball: esbuild-darwin-64/download/esbuild-darwin-64-0.13.15.tgz}
    cpu: [x64]
    os: [darwin]
    requiresBuild: true
    dev: true
    optional: true

  /esbuild-darwin-arm64/0.13.15:
    resolution: {integrity: sha512-i1FZssTVxUqNlJ6cBTj5YQj4imWy3m49RZRnHhLpefFIh0To05ow9DTrXROTE1urGTQCloFUXTX8QfGJy1P8dQ==, tarball: esbuild-darwin-arm64/download/esbuild-darwin-arm64-0.13.15.tgz}
    cpu: [arm64]
    os: [darwin]
    requiresBuild: true
    dev: true
    optional: true

  /esbuild-freebsd-64/0.13.15:
    resolution: {integrity: sha512-G3dLBXUI6lC6Z09/x+WtXBXbOYQZ0E8TDBqvn7aMaOCzryJs8LyVXKY4CPnHFXZAbSwkCbqiPuSQ1+HhrNk7EA==, tarball: esbuild-freebsd-64/download/esbuild-freebsd-64-0.13.15.tgz}
    cpu: [x64]
    os: [freebsd]
    requiresBuild: true
    dev: true
    optional: true

  /esbuild-freebsd-arm64/0.13.15:
    resolution: {integrity: sha512-KJx0fzEDf1uhNOZQStV4ujg30WlnwqUASaGSFPhznLM/bbheu9HhqZ6mJJZM32lkyfGJikw0jg7v3S0oAvtvQQ==, tarball: esbuild-freebsd-arm64/download/esbuild-freebsd-arm64-0.13.15.tgz}
    cpu: [arm64]
    os: [freebsd]
    requiresBuild: true
    dev: true
    optional: true

  /esbuild-linux-32/0.13.15:
    resolution: {integrity: sha512-ZvTBPk0YWCLMCXiFmD5EUtB30zIPvC5Itxz0mdTu/xZBbbHJftQgLWY49wEPSn2T/TxahYCRDWun5smRa0Tu+g==, tarball: esbuild-linux-32/download/esbuild-linux-32-0.13.15.tgz}
    cpu: [ia32]
    os: [linux]
    requiresBuild: true
    dev: true
    optional: true

  /esbuild-linux-64/0.13.15:
    resolution: {integrity: sha512-eCKzkNSLywNeQTRBxJRQ0jxRCl2YWdMB3+PkWFo2BBQYC5mISLIVIjThNtn6HUNqua1pnvgP5xX0nHbZbPj5oA==, tarball: esbuild-linux-64/download/esbuild-linux-64-0.13.15.tgz}
    cpu: [x64]
    os: [linux]
    requiresBuild: true
    dev: true
    optional: true

  /esbuild-linux-arm/0.13.15:
    resolution: {integrity: sha512-wUHttDi/ol0tD8ZgUMDH8Ef7IbDX+/UsWJOXaAyTdkT7Yy9ZBqPg8bgB/Dn3CZ9SBpNieozrPRHm0BGww7W/jA==, tarball: esbuild-linux-arm/download/esbuild-linux-arm-0.13.15.tgz}
    cpu: [arm]
    os: [linux]
    requiresBuild: true
    dev: true
    optional: true

  /esbuild-linux-arm64/0.13.15:
    resolution: {integrity: sha512-bYpuUlN6qYU9slzr/ltyLTR9YTBS7qUDymO8SV7kjeNext61OdmqFAzuVZom+OLW1HPHseBfJ/JfdSlx8oTUoA==, tarball: esbuild-linux-arm64/download/esbuild-linux-arm64-0.13.15.tgz}
    cpu: [arm64]
    os: [linux]
    requiresBuild: true
    dev: true
    optional: true

  /esbuild-linux-mips64le/0.13.15:
    resolution: {integrity: sha512-KlVjIG828uFPyJkO/8gKwy9RbXhCEUeFsCGOJBepUlpa7G8/SeZgncUEz/tOOUJTcWMTmFMtdd3GElGyAtbSWg==, tarball: esbuild-linux-mips64le/download/esbuild-linux-mips64le-0.13.15.tgz}
    cpu: [mips64el]
    os: [linux]
    requiresBuild: true
    dev: true
    optional: true

  /esbuild-linux-ppc64le/0.13.15:
    resolution: {integrity: sha512-h6gYF+OsaqEuBjeesTBtUPw0bmiDu7eAeuc2OEH9S6mV9/jPhPdhOWzdeshb0BskRZxPhxPOjqZ+/OqLcxQwEQ==, tarball: esbuild-linux-ppc64le/download/esbuild-linux-ppc64le-0.13.15.tgz}
    cpu: [ppc64]
    os: [linux]
    requiresBuild: true
    dev: true
    optional: true

  /esbuild-netbsd-64/0.13.15:
    resolution: {integrity: sha512-3+yE9emwoevLMyvu+iR3rsa+Xwhie7ZEHMGDQ6dkqP/ndFzRHkobHUKTe+NCApSqG5ce2z4rFu+NX/UHnxlh3w==, tarball: esbuild-netbsd-64/download/esbuild-netbsd-64-0.13.15.tgz}
    cpu: [x64]
    os: [netbsd]
    requiresBuild: true
    dev: true
    optional: true

  /esbuild-openbsd-64/0.13.15:
    resolution: {integrity: sha512-wTfvtwYJYAFL1fSs8yHIdf5GEE4NkbtbXtjLWjM3Cw8mmQKqsg8kTiqJ9NJQe5NX/5Qlo7Xd9r1yKMMkHllp5g==, tarball: esbuild-openbsd-64/download/esbuild-openbsd-64-0.13.15.tgz}
    cpu: [x64]
    os: [openbsd]
    requiresBuild: true
    dev: true
    optional: true

  /esbuild-sunos-64/0.13.15:
    resolution: {integrity: sha512-lbivT9Bx3t1iWWrSnGyBP9ODriEvWDRiweAs69vI+miJoeKwHWOComSRukttbuzjZ8r1q0mQJ8Z7yUsDJ3hKdw==, tarball: esbuild-sunos-64/download/esbuild-sunos-64-0.13.15.tgz}
    cpu: [x64]
    os: [sunos]
    requiresBuild: true
    dev: true
    optional: true

  /esbuild-windows-32/0.13.15:
    resolution: {integrity: sha512-fDMEf2g3SsJ599MBr50cY5ve5lP1wyVwTe6aLJsM01KtxyKkB4UT+fc5MXQFn3RLrAIAZOG+tHC+yXObpSn7Nw==, tarball: esbuild-windows-32/download/esbuild-windows-32-0.13.15.tgz}
    cpu: [ia32]
    os: [win32]
    requiresBuild: true
    dev: true
    optional: true

  /esbuild-windows-64/0.13.15:
    resolution: {integrity: sha512-9aMsPRGDWCd3bGjUIKG/ZOJPKsiztlxl/Q3C1XDswO6eNX/Jtwu4M+jb6YDH9hRSUflQWX0XKAfWzgy5Wk54JQ==, tarball: esbuild-windows-64/download/esbuild-windows-64-0.13.15.tgz}
    cpu: [x64]
    os: [win32]
    requiresBuild: true
    dev: true
    optional: true

  /esbuild-windows-arm64/0.13.15:
    resolution: {integrity: sha512-zzvyCVVpbwQQATaf3IG8mu1IwGEiDxKkYUdA4FpoCHi1KtPa13jeScYDjlW0Qh+ebWzpKfR2ZwvqAQkSWNcKjA==, tarball: esbuild-windows-arm64/download/esbuild-windows-arm64-0.13.15.tgz}
    cpu: [arm64]
    os: [win32]
    requiresBuild: true
    dev: true
    optional: true

  /esbuild/0.13.15:
    resolution: {integrity: sha512-raCxt02HBKv8RJxE8vkTSCXGIyKHdEdGfUmiYb8wnabnaEmHzyW7DCHb5tEN0xU8ryqg5xw54mcwnYkC4x3AIw==, tarball: esbuild/download/esbuild-0.13.15.tgz}
    hasBin: true
    requiresBuild: true
    optionalDependencies:
      esbuild-android-arm64: 0.13.15
      esbuild-darwin-64: 0.13.15
      esbuild-darwin-arm64: 0.13.15
      esbuild-freebsd-64: 0.13.15
      esbuild-freebsd-arm64: 0.13.15
      esbuild-linux-32: 0.13.15
      esbuild-linux-64: 0.13.15
      esbuild-linux-arm: 0.13.15
      esbuild-linux-arm64: 0.13.15
      esbuild-linux-mips64le: 0.13.15
      esbuild-linux-ppc64le: 0.13.15
      esbuild-netbsd-64: 0.13.15
      esbuild-openbsd-64: 0.13.15
      esbuild-sunos-64: 0.13.15
      esbuild-windows-32: 0.13.15
      esbuild-windows-64: 0.13.15
      esbuild-windows-arm64: 0.13.15
    dev: true

  /estree-walker/2.0.2:
    resolution: {integrity: sha1-UvAQF4wqTBF6d1fP6UKtt9LaTKw=, tarball: estree-walker/download/estree-walker-2.0.2.tgz}

  /fast-glob/3.2.7:
    resolution: {integrity: sha1-/Wy3otfpqnp4RhEehaGW1rL3ZqE=, tarball: fast-glob/download/fast-glob-3.2.7.tgz}
    engines: {node: '>=8'}
    dependencies:
      '@nodelib/fs.stat': 2.0.5
      '@nodelib/fs.walk': 1.2.8
      glob-parent: 5.1.2
      merge2: 1.4.1
      micromatch: 4.0.4
    dev: true

  /fastq/1.13.0:
    resolution: {integrity: sha1-YWdg+Ip1Jr38WWt8q4wYk4w2uYw=, tarball: fastq/download/fastq-1.13.0.tgz}
    dependencies:
      reusify: 1.0.4
    dev: true

  /fill-range/7.0.1:
    resolution: {integrity: sha1-GRmmp8df44ssfHflGYU12prN2kA=, tarball: fill-range/download/fill-range-7.0.1.tgz}
    engines: {node: '>=8'}
    dependencies:
      to-regex-range: 5.0.1
    dev: true

  /follow-redirects/1.14.6:
    resolution: {integrity: sha512-fhUl5EwSJbbl8AR+uYL2KQDxLkdSjZGR36xy46AO7cOMTrCMON6Sa28FmAnC2tRTDbd/Uuzz3aJBv7EBN7JH8A==, tarball: follow-redirects/download/follow-redirects-1.14.6.tgz}
    engines: {node: '>=4.0'}
    peerDependencies:
      debug: '*'
    peerDependenciesMeta:
      debug:
        optional: true
    dev: false

  /foreach/2.0.5:
    resolution: {integrity: sha1-C+4AUBiusmDQo6865ljdATbsG5k=, tarball: foreach/download/foreach-2.0.5.tgz}
    dev: true

  /fsevents/2.3.2:
    resolution: {integrity: sha1-ilJveLj99GI7cJ4Ll1xSwkwC/Ro=, tarball: fsevents/download/fsevents-2.3.2.tgz}
    engines: {node: ^8.16.0 || ^10.6.0 || >=11.0.0}
    os: [darwin]
    requiresBuild: true
    dev: true
    optional: true

  /function-bind/1.1.1:
    resolution: {integrity: sha1-pWiZ0+o8m6uHS7l3O3xe3pL0iV0=, tarball: function-bind/download/function-bind-1.1.1.tgz}
    dev: true

  /get-intrinsic/1.1.1:
    resolution: {integrity: sha1-FfWfN2+FXERpY5SPDSTNNje0q8Y=, tarball: get-intrinsic/download/get-intrinsic-1.1.1.tgz}
    dependencies:
      function-bind: 1.1.1
      has: 1.0.3
      has-symbols: 1.0.2
    dev: true

  /get-symbol-description/1.0.0:
    resolution: {integrity: sha1-f9uByQAQH71WTdXxowr1qtweWNY=, tarball: get-symbol-description/download/get-symbol-description-1.0.0.tgz}
    engines: {node: '>= 0.4'}
    dependencies:
      call-bind: 1.0.2
      get-intrinsic: 1.1.1
    dev: true

  /glob-parent/5.1.2:
    resolution: {integrity: sha1-hpgyxYA0/mikCTwX3BXoNA2EAcQ=, tarball: glob-parent/download/glob-parent-5.1.2.tgz}
    engines: {node: '>= 6'}
    dependencies:
      is-glob: 4.0.3
    dev: true

  /gzip-size/6.0.0:
    resolution: {integrity: sha1-BlNn/VDCOcBnHLy61b4+LusQ5GI=, tarball: gzip-size/download/gzip-size-6.0.0.tgz}
    engines: {node: '>=10'}
    dependencies:
      duplexer: 0.1.2
    dev: true

  /has-bigints/1.0.1:
    resolution: {integrity: sha1-ZP5qywIGc+O3jbA1pa9pqp0HsRM=, tarball: has-bigints/download/has-bigints-1.0.1.tgz}
    dev: true

  /has-symbols/1.0.2:
    resolution: {integrity: sha1-Fl0wcMADCXUqEjakeTMeOsVvFCM=, tarball: has-symbols/download/has-symbols-1.0.2.tgz}
    engines: {node: '>= 0.4'}
    dev: true

  /has-tostringtag/1.0.0:
    resolution: {integrity: sha1-fhM4GKfTlHNPlB5zw9P5KR5liyU=, tarball: has-tostringtag/download/has-tostringtag-1.0.0.tgz}
    engines: {node: '>= 0.4'}
    dependencies:
      has-symbols: 1.0.2
    dev: true

  /has/1.0.3:
    resolution: {integrity: sha1-ci18v8H2qoJB8W3YFOAR4fQeh5Y=, tarball: has/download/has-1.0.3.tgz}
    engines: {node: '>= 0.4.0'}
    dependencies:
      function-bind: 1.1.1
    dev: true

  /import-meta-resolve/1.1.1:
    resolution: {integrity: sha1-JE/VQv0frnNVDU+LPN47uh17Kxg=, tarball: import-meta-resolve/download/import-meta-resolve-1.1.1.tgz}
    dependencies:
      builtins: 4.0.0
    dev: true

  /internal-slot/1.0.3:
    resolution: {integrity: sha1-c0fjB97uovqsKsYgXUvH00ln9Zw=, tarball: internal-slot/download/internal-slot-1.0.3.tgz}
    engines: {node: '>= 0.4'}
    dependencies:
      get-intrinsic: 1.1.1
      has: 1.0.3
      side-channel: 1.0.4
    dev: true

  /is-arguments/1.1.1:
    resolution: {integrity: sha1-FbP4j9oB8ql/7ITKdhpWDxI++ps=, tarball: is-arguments/download/is-arguments-1.1.1.tgz}
    engines: {node: '>= 0.4'}
    dependencies:
      call-bind: 1.0.2
      has-tostringtag: 1.0.0
    dev: true

  /is-bigint/1.0.4:
    resolution: {integrity: sha1-CBR6GHW8KzIAXUHM2Ckd/8ZpHfM=, tarball: is-bigint/download/is-bigint-1.0.4.tgz}
    dependencies:
      has-bigints: 1.0.1
    dev: true

  /is-binary-path/2.1.0:
    resolution: {integrity: sha1-6h9/O4DwZCNug0cPhsCcJU+0Wwk=, tarball: is-binary-path/download/is-binary-path-2.1.0.tgz}
    engines: {node: '>=8'}
    dependencies:
      binary-extensions: 2.2.0
    dev: true

  /is-boolean-object/1.1.2:
    resolution: {integrity: sha1-XG3CACRt2TIa5LiFoRS7H3X2Nxk=, tarball: is-boolean-object/download/is-boolean-object-1.1.2.tgz}
    engines: {node: '>= 0.4'}
    dependencies:
      call-bind: 1.0.2
      has-tostringtag: 1.0.0
    dev: true

  /is-callable/1.2.4:
    resolution: {integrity: sha1-RzAdWN0CWUB4ZVR4U99tYf5HGUU=, tarball: is-callable/download/is-callable-1.2.4.tgz}
    engines: {node: '>= 0.4'}
    dev: true

  /is-core-module/2.8.0:
    resolution: {integrity: sha1-AyEzbD0JJeSX/Zf12VyxFKXM1Ug=, tarball: is-core-module/download/is-core-module-2.8.0.tgz}
    dependencies:
      has: 1.0.3
    dev: true

  /is-date-object/1.0.5:
    resolution: {integrity: sha1-CEHVU25yTCVZe/bqYuG9OCmN8x8=, tarball: is-date-object/download/is-date-object-1.0.5.tgz}
    engines: {node: '>= 0.4'}
    dependencies:
      has-tostringtag: 1.0.0
    dev: true

  /is-extglob/2.1.1:
    resolution: {integrity: sha1-qIwCU1eR8C7TfHahueqXc8gz+MI=, tarball: is-extglob/download/is-extglob-2.1.1.tgz}
    engines: {node: '>=0.10.0'}
    dev: true

  /is-glob/4.0.3:
    resolution: {integrity: sha1-ZPYeQsu7LuwgcanawLKLoeZdUIQ=, tarball: is-glob/download/is-glob-4.0.3.tgz}
    engines: {node: '>=0.10.0'}
    dependencies:
      is-extglob: 2.1.1
    dev: true

  /is-map/2.0.2:
    resolution: {integrity: sha1-AJItuMm/c+gbejNYJ7wqQ/K5ESc=, tarball: is-map/download/is-map-2.0.2.tgz}
    dev: true

  /is-negative-zero/2.0.2:
    resolution: {integrity: sha512-dqJvarLawXsFbNDeJW7zAz8ItJ9cd28YufuuFzh0G8pNHjJMnY08Dv7sYX2uF5UpQOwieAeOExEYAWWfu7ZZUA==, tarball: is-negative-zero/download/is-negative-zero-2.0.2.tgz}
    engines: {node: '>= 0.4'}
    dev: true

  /is-number-object/1.0.6:
    resolution: {integrity: sha1-anqvg4x/BoalC0VT9+VKlklOifA=, tarball: is-number-object/download/is-number-object-1.0.6.tgz}
    engines: {node: '>= 0.4'}
    dependencies:
      has-tostringtag: 1.0.0
    dev: true

  /is-number/7.0.0:
    resolution: {integrity: sha1-dTU0W4lnNNX4DE0GxQlVUnoU8Ss=, tarball: is-number/download/is-number-7.0.0.tgz}
    engines: {node: '>=0.12.0'}
    dev: true

  /is-regex/1.1.4:
    resolution: {integrity: sha1-7vVmPNWfpMCuM5UFMj32hUuxWVg=, tarball: is-regex/download/is-regex-1.1.4.tgz}
    engines: {node: '>= 0.4'}
    dependencies:
      call-bind: 1.0.2
      has-tostringtag: 1.0.0
    dev: true

  /is-set/2.0.2:
    resolution: {integrity: sha1-kHVfpMJWLcHF1AJHYNYRm5TKGOw=, tarball: is-set/download/is-set-2.0.2.tgz}
    dev: true

  /is-shared-array-buffer/1.0.1:
    resolution: {integrity: sha1-l7DIX72stZycRG/mU7gs8rW3z+Y=, tarball: is-shared-array-buffer/download/is-shared-array-buffer-1.0.1.tgz}
    dev: true

  /is-string/1.0.7:
    resolution: {integrity: sha1-DdEr8gBvJVu1j2lREO/3SR7rwP0=, tarball: is-string/download/is-string-1.0.7.tgz}
    engines: {node: '>= 0.4'}
    dependencies:
      has-tostringtag: 1.0.0
    dev: true

  /is-symbol/1.0.4:
    resolution: {integrity: sha1-ptrJO2NbBjymhyI23oiRClevE5w=, tarball: is-symbol/download/is-symbol-1.0.4.tgz}
    engines: {node: '>= 0.4'}
    dependencies:
      has-symbols: 1.0.2
    dev: true

  /is-typed-array/1.1.8:
    resolution: {integrity: sha1-y6plhdx9tDMYvFuJUj6jhKb2Xnk=, tarball: is-typed-array/download/is-typed-array-1.1.8.tgz}
    engines: {node: '>= 0.4'}
    dependencies:
      available-typed-arrays: 1.0.5
      call-bind: 1.0.2
      es-abstract: 1.19.1
      foreach: 2.0.5
      has-tostringtag: 1.0.0
    dev: true

  /is-weakmap/2.0.1:
    resolution: {integrity: sha1-UAi1m9xDtpggHRj2KzeyyiQ+jPI=, tarball: is-weakmap/download/is-weakmap-2.0.1.tgz}
    dev: true

  /is-weakref/1.0.2:
    resolution: {integrity: sha512-qctsuLZmIQ0+vSSMfoVvyFe2+GSEvnmZ2ezTup1SBse9+twCCeial6EEi3Nc2KFcf6+qz2FBPnjXsk8xhKSaPQ==, tarball: is-weakref/download/is-weakref-1.0.2.tgz}
    dependencies:
      call-bind: 1.0.2
    dev: true

  /is-weakset/2.0.2:
    resolution: {integrity: sha512-t2yVvttHkQktwnNNmBQ98AhENLdPUTDTE21uPqAQ0ARwQfGeQKRVS0NNurH7bTf7RrvcVn1OOge45CnBeHCSmg==, tarball: is-weakset/download/is-weakset-2.0.2.tgz}
    dependencies:
      call-bind: 1.0.2
      get-intrinsic: 1.1.1
    dev: true

  /isarray/2.0.5:
    resolution: {integrity: sha1-ivHkwSISRMxiRZ+vOJQNTmRKVyM=, tarball: isarray/download/isarray-2.0.5.tgz}
    dev: true

  /jiti/1.12.9:
    resolution: {integrity: sha1-LORbJlz8jckevXClIEgHz5FSkbw=, tarball: jiti/download/jiti-1.12.9.tgz}
    hasBin: true
    dev: true

  /json5/2.2.0:
    resolution: {integrity: sha1-Lf7+cgxrpSXZ69kJlQ8FFTFsiaM=, tarball: json5/download/json5-2.2.0.tgz}
    engines: {node: '>=6'}
    hasBin: true
    dependencies:
      minimist: 1.2.5
    dev: true

  /local-pkg/0.4.0:
    resolution: {integrity: sha1-5iIRcYE9WggS3YT6gP+xyPzABTE=, tarball: local-pkg/download/local-pkg-0.4.0.tgz}
    engines: {node: '>=14'}
    dependencies:
      mlly: 0.2.10
    dev: true

  /lru-cache/6.0.0:
    resolution: {integrity: sha1-bW/mVw69lqr5D8rR2vo7JWbbOpQ=, tarball: lru-cache/download/lru-cache-6.0.0.tgz}
    engines: {node: '>=10'}
    dependencies:
      yallist: 4.0.0
    dev: true

  /magic-string/0.25.7:
    resolution: {integrity: sha1-P0l9b9NMZpxnmNy4IfLvMfVEUFE=, tarball: magic-string/download/magic-string-0.25.7.tgz}
    dependencies:
      sourcemap-codec: 1.4.8
    dev: false

  /merge2/1.4.1:
    resolution: {integrity: sha1-Q2iJL4hekHRVpv19xVwMnUBJkK4=, tarball: merge2/download/merge2-1.4.1.tgz}
    engines: {node: '>= 8'}
    dev: true

  /micromatch/4.0.4:
    resolution: {integrity: sha1-iW1Rnf6dsl/OlM63pQCRm/iB6/k=, tarball: micromatch/download/micromatch-4.0.4.tgz}
    engines: {node: '>=8.6'}
    dependencies:
      braces: 3.0.2
      picomatch: 2.3.0
    dev: true

  /minimist/1.2.5:
    resolution: {integrity: sha1-Z9ZgFLZqaoqqDAg8X9WN9OTpdgI=, tarball: minimist/download/minimist-1.2.5.tgz}
    dev: true

  /mlly/0.2.10:
    resolution: {integrity: sha1-ZFkCyXYdxrXe0XS45xcUf+UuSJM=, tarball: mlly/download/mlly-0.2.10.tgz}
    dependencies:
      import-meta-resolve: 1.1.1
    dev: true

  /mrmime/1.0.0:
    resolution: {integrity: sha1-FNOH8FhaUjPSkbq6M5sGN1KiOYs=, tarball: mrmime/download/mrmime-1.0.0.tgz}
    engines: {node: '>=10'}
    dev: true

  /ms/2.1.2:
    resolution: {integrity: sha1-0J0fNXtEP0kzgqjrPM0YOHKuYAk=, tarball: ms/download/ms-2.1.2.tgz}
    dev: true

  /nanoid/3.1.30:
    resolution: {integrity: sha1-Y/k8xUjSoRPcXfvGO/oJ4rm2Q2I=, tarball: nanoid/download/nanoid-3.1.30.tgz}
    engines: {node: ^10 || ^12 || ^13.7 || ^14 || >=15.0.1}
    hasBin: true

  /normalize-path/3.0.0:
    resolution: {integrity: sha1-Dc1p/yOhybEf0JeDFmRKA4ghamU=, tarball: normalize-path/download/normalize-path-3.0.0.tgz}
    engines: {node: '>=0.10.0'}
    dev: true

  /object-inspect/1.11.1:
    resolution: {integrity: sha512-If7BjFlpkzzBeV1cqgT3OSWT3azyoxDGajR+iGnFBfVV2EWyDyWaZZW2ERDjUaY2QM8i5jI3Sj7mhsM4DDAqWA==, tarball: object-inspect/download/object-inspect-1.11.1.tgz}
    dev: true

  /object-is/1.1.5:
    resolution: {integrity: sha1-ud7qpfx/GEag+uzc7sE45XePU6w=, tarball: object-is/download/object-is-1.1.5.tgz}
    engines: {node: '>= 0.4'}
    dependencies:
      call-bind: 1.0.2
      define-properties: 1.1.3
    dev: true

  /object-keys/1.1.1:
    resolution: {integrity: sha1-HEfyct8nfzsdrwYWd9nILiMixg4=, tarball: object-keys/download/object-keys-1.1.1.tgz}
    engines: {node: '>= 0.4'}
    dev: true

  /object.assign/4.1.2:
    resolution: {integrity: sha1-DtVKNC7Os3s4/3brgxoOeIy2OUA=, tarball: object.assign/download/object.assign-4.1.2.tgz}
    engines: {node: '>= 0.4'}
    dependencies:
      call-bind: 1.0.2
      define-properties: 1.1.3
      has-symbols: 1.0.2
      object-keys: 1.1.1
    dev: true

  /path-parse/1.0.7:
    resolution: {integrity: sha1-+8EUtgykKzDZ2vWFjkvWi77bZzU=, tarball: path-parse/download/path-parse-1.0.7.tgz}
    dev: true

  /pathe/0.2.0:
    resolution: {integrity: sha1-MP17vgoNkfDmC65iH10Z6eIlwzk=, tarball: pathe/download/pathe-0.2.0.tgz}
    dev: true

  /picocolors/1.0.0:
    resolution: {integrity: sha1-y1vcdP8/UYkiNur3nWi8RFZKuBw=, tarball: picocolors/download/picocolors-1.0.0.tgz}

  /picomatch/2.3.0:
    resolution: {integrity: sha1-8fBh3o9qS/AiiS4tEoI0+5gwKXI=, tarball: picomatch/download/picomatch-2.3.0.tgz}
    engines: {node: '>=8.6'}
    dev: true

  /pinia/2.0.6_typescript@4.5.4+vue@3.2.26:
    resolution: {integrity: sha512-01mP4+KapIcTNSYLhQESy6GW0N8vY5wX3UqOwkC87e7DPjEusNJ8bENrKqdvZaRHbB2rDMOONeAbwMa3+n1/rw==, tarball: pinia/download/pinia-2.0.6.tgz}
    peerDependencies:
      '@vue/composition-api': ^1.4.0
      typescript: '>=4.4.4'
      vue: ^2.6.14 || ^3.2.0
    peerDependenciesMeta:
      '@vue/composition-api':
        optional: true
      typescript:
        optional: true
    dependencies:
      '@vue/devtools-api': 6.0.0-beta.20.1
      typescript: 4.5.4
      vue: 3.2.26
      vue-demi: 0.12.1_vue@3.2.26
    dev: false

  /postcss/8.4.5:
    resolution: {integrity: sha512-jBDboWM8qpaqwkMwItqTQTiFikhs/67OYVvblFFTM7MrZjt6yMKd6r2kgXizEbTTljacm4NldIlZnhbjr84QYg==, tarball: postcss/download/postcss-8.4.5.tgz}
    engines: {node: ^10 || ^12 || >=14}
    dependencies:
      nanoid: 3.1.30
      picocolors: 1.0.0
      source-map-js: 1.0.1

  /quasar/2.3.4:
    resolution: {integrity: sha512-VgqjuzlRqZU2t4gKDHQHc/gt9nKXi9y1VRM7xYO6VOuJcm48wgOzyBdTwl1vVseghWeEIEHRM9M+R629WWF9MQ==, tarball: quasar/download/quasar-2.3.4.tgz}
    engines: {node: '>= 10.18.1', npm: '>= 6.13.4', yarn: '>= 1.21.1'}
    dev: false

  /queue-microtask/1.2.3:
    resolution: {integrity: sha1-SSkii7xyTfrEPg77BYyve2z7YkM=, tarball: queue-microtask/download/queue-microtask-1.2.3.tgz}
    dev: true

  /readdirp/3.6.0:
    resolution: {integrity: sha1-dKNwvYVxFuJFspzJc0DNQxoCpsc=, tarball: readdirp/download/readdirp-3.6.0.tgz}
    engines: {node: '>=8.10.0'}
    dependencies:
      picomatch: 2.3.0
    dev: true

  /regexp.prototype.flags/1.3.1:
    resolution: {integrity: sha1-fvNSro0VnnWMDq3Kb4/LTu8HviY=, tarball: regexp.prototype.flags/download/regexp.prototype.flags-1.3.1.tgz}
    engines: {node: '>= 0.4'}
    dependencies:
      call-bind: 1.0.2
      define-properties: 1.1.3
    dev: true

  /resolve/1.20.0:
    resolution: {integrity: sha1-YpoBP7P3B1XW8LeTXMHCxTeLGXU=, tarball: resolve/download/resolve-1.20.0.tgz}
    dependencies:
      is-core-module: 2.8.0
      path-parse: 1.0.7
    dev: true

  /reusify/1.0.4:
    resolution: {integrity: sha1-kNo4Kx4SbvwCFG6QhFqI2xKSXXY=, tarball: reusify/download/reusify-1.0.4.tgz}
    engines: {iojs: '>=1.0.0', node: '>=0.10.0'}
    dev: true

  /rollup/2.61.1:
    resolution: {integrity: sha512-BbTXlEvB8d+XFbK/7E5doIcRtxWPRiqr0eb5vQ0+2paMM04Ye4PZY5nHOQef2ix24l/L0SpLd5hwcH15QHPdvA==, tarball: rollup/download/rollup-2.61.1.tgz}
    engines: {node: '>=10.0.0'}
    hasBin: true
    optionalDependencies:
      fsevents: 2.3.2
    dev: true

  /run-parallel/1.2.0:
    resolution: {integrity: sha1-ZtE2jae9+SHrnZW9GpIp5/IaQ+4=, tarball: run-parallel/download/run-parallel-1.2.0.tgz}
    dependencies:
      queue-microtask: 1.2.3
    dev: true

  /sass/1.32.0:
    resolution: {integrity: sha1-EBAaAmwTCAsU4rN01OFe4kQApNM=, tarball: sass/download/sass-1.32.0.tgz}
    engines: {node: '>=8.9.0'}
    hasBin: true
    dependencies:
      chokidar: 3.5.2
    dev: true

  /semver/7.3.5:
    resolution: {integrity: sha1-C2Ich5NI2JmOSw5L6Us/EuYBjvc=, tarball: semver/download/semver-7.3.5.tgz}
    engines: {node: '>=10'}
    hasBin: true
    dependencies:
      lru-cache: 6.0.0
    dev: true

  /side-channel/1.0.4:
    resolution: {integrity: sha1-785cj9wQTudRslxY1CkAEfpeos8=, tarball: side-channel/download/side-channel-1.0.4.tgz}
    dependencies:
      call-bind: 1.0.2
      get-intrinsic: 1.1.1
      object-inspect: 1.11.1
    dev: true

  /sirv/1.0.19:
    resolution: {integrity: sha512-JuLThK3TnZG1TAKDwNIqNq6QA2afLOCcm+iE8D1Kj3GA40pSPsxQjjJl0J8X3tsR7T+CP1GavpzLwYkgVLWrZQ==, tarball: sirv/download/sirv-1.0.19.tgz}
    engines: {node: '>= 10'}
    dependencies:
      '@polka/url': 1.0.0-next.21
      mrmime: 1.0.0
      totalist: 1.1.0
    dev: true

  /source-map-js/1.0.1:
    resolution: {integrity: sha512-4+TN2b3tqOCd/kaGRJ/sTYA0tR0mdXx26ipdolxcwtJVqEnqNYvlCAt1q3ypy4QMlYus+Zh34RNtYLoq2oQ4IA==, tarball: source-map-js/download/source-map-js-1.0.1.tgz}
    engines: {node: '>=0.10.0'}

  /source-map/0.6.1:
    resolution: {integrity: sha1-dHIq8y6WFOnCh6jQu95IteLxomM=, tarball: source-map/download/source-map-0.6.1.tgz}
    engines: {node: '>=0.10.0'}
    dev: false

  /sourcemap-codec/1.4.8:
    resolution: {integrity: sha1-6oBL2UhXQC5pktBaOO8a41qatMQ=, tarball: sourcemap-codec/download/sourcemap-codec-1.4.8.tgz}
    dev: false

  /string.prototype.trimend/1.0.4:
    resolution: {integrity: sha1-51rpDClCxjUEaGwYsoe0oLGkX4A=, tarball: string.prototype.trimend/download/string.prototype.trimend-1.0.4.tgz}
    dependencies:
      call-bind: 1.0.2
      define-properties: 1.1.3
    dev: true

  /string.prototype.trimstart/1.0.4:
    resolution: {integrity: sha1-s2OZr0qymZtMnGSL16P7K7Jv7u0=, tarball: string.prototype.trimstart/download/string.prototype.trimstart-1.0.4.tgz}
    dependencies:
      call-bind: 1.0.2
      define-properties: 1.1.3
    dev: true

  /to-regex-range/5.0.1:
    resolution: {integrity: sha1-FkjESq58jZiKMmAY7XL1tN0DkuQ=, tarball: to-regex-range/download/to-regex-range-5.0.1.tgz}
    engines: {node: '>=8.0'}
    dependencies:
      is-number: 7.0.0
    dev: true

  /totalist/1.1.0:
    resolution: {integrity: sha1-pNZaPlRlF3AePlw3pHpwrJf+Vt8=, tarball: totalist/download/totalist-1.1.0.tgz}
    engines: {node: '>=6'}
    dev: true

  /typescript/4.5.4:
    resolution: {integrity: sha512-VgYs2A2QIRuGphtzFV7aQJduJ2gyfTljngLzjpfW9FoYZF6xuw1W0vW9ghCKLfcWrCFxK81CSGRAvS1pn4fIUg==, tarball: typescript/download/typescript-4.5.4.tgz}
    engines: {node: '>=4.2.0'}
    hasBin: true
    dev: true

  /unbox-primitive/1.0.1:
    resolution: {integrity: sha1-CF4hViXsMWJXTciFmr7nilmxRHE=, tarball: unbox-primitive/download/unbox-primitive-1.0.1.tgz}
    dependencies:
      function-bind: 1.1.1
      has-bigints: 1.0.1
      has-symbols: 1.0.2
      which-boxed-primitive: 1.0.2
    dev: true

  /unconfig/0.2.2:
    resolution: {integrity: sha512-JN1MeYJ/POnjBj7NgOJJxPp6+NcD6Nd0hEuK0D89kjm9GvQQUq8HeE2Eb7PZgtu+64mWkDiqeJn1IZoLH7htPg==, tarball: unconfig/download/unconfig-0.2.2.tgz}
    dependencies:
      '@antfu/utils': 0.3.0
      defu: 5.0.0
      jiti: 1.12.9
    dev: true

  /unocss/0.16.3:
    resolution: {integrity: sha512-g2R7OX5FwFWWTtov5r9m4GW20cBVJLfHd81fu6QvU3H0u4WWJHwc8wqRSATiwVSZmsNEiCi5PLDnzf0rbZstFA==, tarball: unocss/download/unocss-0.16.3.tgz}
    engines: {node: '>=14'}
    dependencies:
      '@unocss/cli': 0.16.3
      '@unocss/core': 0.16.3
      '@unocss/preset-attributify': 0.16.3
      '@unocss/preset-icons': 0.16.3
      '@unocss/preset-uno': 0.16.3
      '@unocss/reset': 0.16.3
      '@unocss/vite': 0.16.3
    dev: true

  /vite-plugin-pages/0.19.3_vite@2.7.2:
    resolution: {integrity: sha512-hqnO4HppzHsm86y8cGGmMsoT4hHbl8hA+8x9G8XINJzwc9AtFdSOAbGRIkxcaTcidiAr8GxsIZgE935EZwDUaw==, tarball: vite-plugin-pages/download/vite-plugin-pages-0.19.3.tgz}
    peerDependencies:
      '@vue/compiler-sfc': '>=3'
      vite: '>=2'
    peerDependenciesMeta:
      '@vue/compiler-sfc':
        optional: true
    dependencies:
      debug: 4.3.3
      deep-equal: 2.0.5
      fast-glob: 3.2.7
      json5: 2.2.0
      local-pkg: 0.4.0
      vite: 2.7.2_sass@1.32.0
      yaml: 2.0.0-9
    transitivePeerDependencies:
      - supports-color
    dev: true

  /vite/2.7.2_sass@1.32.0:
    resolution: {integrity: sha512-wMffVVdKZRZP/HwW3yttKL8X+IJePz7bUcnGm0vqljffpVwHpjWC3duZtJQHAGvy+wrTjmwU7vkULpZ1dVXY6w==, tarball: vite/download/vite-2.7.2.tgz}
    engines: {node: '>=12.2.0'}
    hasBin: true
    peerDependencies:
      less: '*'
      sass: '*'
      stylus: '*'
    peerDependenciesMeta:
      less:
        optional: true
      sass:
        optional: true
      stylus:
        optional: true
    dependencies:
      esbuild: 0.13.15
      postcss: 8.4.5
      resolve: 1.20.0
      rollup: 2.61.1
      sass: 1.32.0
    optionalDependencies:
      fsevents: 2.3.2
    dev: true

  /vue-demi/0.12.1_vue@3.2.26:
    resolution: {integrity: sha1-9+GO++z/0RqwadFHLXoG4xm0F0w=, tarball: vue-demi/download/vue-demi-0.12.1.tgz}
    engines: {node: '>=12'}
    hasBin: true
    requiresBuild: true
    peerDependencies:
      '@vue/composition-api': ^1.0.0-rc.1
      vue: ^3.0.0-0 || ^2.6.0
    peerDependenciesMeta:
      '@vue/composition-api':
        optional: true
    dependencies:
      vue: 3.2.26
    dev: false

  /vue-router/4.0.12_vue@3.2.26:
    resolution: {integrity: sha1-jceSzd9bsavMOQj5BkE23n4TxGA=, tarball: vue-router/download/vue-router-4.0.12.tgz}
    peerDependencies:
      vue: ^3.0.0
    dependencies:
      '@vue/devtools-api': 6.0.0-beta.20.1
      vue: 3.2.26
    dev: false

  /vue/3.2.26:
    resolution: {integrity: sha512-KD4lULmskL5cCsEkfhERVRIOEDrfEL9CwAsLYpzptOGjaGFNWo3BQ9g8MAb7RaIO71rmVOziZ/uEN/rHwcUIhg==, tarball: vue/download/vue-3.2.26.tgz}
    dependencies:
      '@vue/compiler-dom': 3.2.26
      '@vue/compiler-sfc': 3.2.26
      '@vue/runtime-dom': 3.2.26
      '@vue/server-renderer': 3.2.26_vue@3.2.26
      '@vue/shared': 3.2.26
    dev: false

  /which-boxed-primitive/1.0.2:
    resolution: {integrity: sha1-E3V7yJsgmwSf5dhkMOIc9AqJqOY=, tarball: which-boxed-primitive/download/which-boxed-primitive-1.0.2.tgz}
    dependencies:
      is-bigint: 1.0.4
      is-boolean-object: 1.1.2
      is-number-object: 1.0.6
      is-string: 1.0.7
      is-symbol: 1.0.4
    dev: true

  /which-collection/1.0.1:
    resolution: {integrity: sha1-cOq3Hru9Ku+vMvkXCC/GLNy3CQY=, tarball: which-collection/download/which-collection-1.0.1.tgz}
    dependencies:
      is-map: 2.0.2
      is-set: 2.0.2
      is-weakmap: 2.0.1
      is-weakset: 2.0.2
    dev: true

  /which-typed-array/1.1.7:
    resolution: {integrity: sha1-J2F5m5oi1LhmCzwbQKuqdzlpF5M=, tarball: which-typed-array/download/which-typed-array-1.1.7.tgz}
    engines: {node: '>= 0.4'}
    dependencies:
      available-typed-arrays: 1.0.5
      call-bind: 1.0.2
      es-abstract: 1.19.1
      foreach: 2.0.5
      has-tostringtag: 1.0.0
      is-typed-array: 1.1.8
    dev: true

  /yallist/4.0.0:
    resolution: {integrity: sha1-m7knkNnA7/7GO+c1GeEaNQGaOnI=, tarball: yallist/download/yallist-4.0.0.tgz}
    dev: true

  /yaml/2.0.0-9:
    resolution: {integrity: sha512-Bf2KowHjyVkIIiGMt7+fbhmlvKOaE8DWuD07bnL4+FQ9sPmEl/5IzGpBpoxPqOaHuyasBjJhyXDcISpJWfhCGw==, tarball: yaml/download/yaml-2.0.0-9.tgz}
    engines: {node: '>= 12'}
    dev: true
